{
  "name": "slacknode",
  "version": "1.0.0",
  "lockfileVersion": 1,
  "requires": true,
  "dependencies": {
    "slack-webhook": {
      "version": "1.0.0",
      "resolved": "https://registry.npmjs.org/slack-webhook/-/slack-webhook-1.0.0.tgz",
      "integrity": "sha1-8K0bc/J4oU6KsUG5VV9BWdVgXzg="
    },
    "yarn": {
      "version": "1.22.13",
      "resolved": "https://registry.npmjs.org/yarn/-/yarn-1.22.13.tgz",
      "integrity": "sha512-G8qG4t7Ef5cLVpzbM3HWWsow4hpfeSCfKtMnjfERmp9V5qSCOKz0uGAIQCM/x3gWfCzH8Bvb4hl3ZfhG/XD1Jg=="
    }
  }
}
